
Microsoft Visual Studio Solution File, Format Version 12.00
# Visual Studio 15
VisualStudioVersion = 15.0.28307.168
MinimumVisualStudioVersion = 10.0.40219.1
Project("{9A19103F-16F7-4668-BE54-9A1E7A4F7556}") = "NanoleafAuroraSdk", "NanoleafAuroraSdk\NanoleafAuroraSdk.csproj", "{A2A819A7-F3E2-4F41-948C-F40D2723E603}"
EndProject
Project("{9A19103F-16F7-4668-BE54-9A1E7A4F7556}") = "NanoleafAuroraSdk.Test", "NanoleafAuroraSdk.Test\NanoleafAuroraSdk.Test.csproj", "{4828FC0D-97E9-4915-97BB-D873A3A54405}"
EndProject
Project("{FAE04EC0-301F-11D3-BF4B-00C04F79EFBC}") = "NanoleafAuroraSdk.ConsoleApp", "NanoleafAuroraSdk.ConsoleApp\NanoleafAuroraSdk.ConsoleApp.csproj", "{F20CA220-0EB6-4069-B906-9FC2F6551AE9}"
EndProject
Global
	GlobalSection(SolutionConfigurationPlatforms) = preSolution
		Debug|Any CPU = Debug|Any CPU
		Release|Any CPU = Release|Any CPU
	EndGlobalSection
	GlobalSection(ProjectConfigurationPlatforms) = postSolution
		{A2A819A7-F3E2-4F41-948C-F40D2723E603}.Debug|Any CPU.ActiveCfg = Debug|Any CPU
		{A2A819A7-F3E2-4F41-948C-F40D2723E603}.Debug|Any CPU.Build.0 = Debug|Any CPU
		{A2A819A7-F3E2-4F41-948C-F40D2723E603}.Release|Any CPU.ActiveCfg = Release|Any CPU
		{A2A819A7-F3E2-4F41-948C-F40D2723E603}.Release|Any CPU.Build.0 = Release|Any CPU
		{4828FC0D-97E9-4915-97BB-D873A3A54405}.Debug|Any CPU.ActiveCfg = Debug|Any CPU
		{4828FC0D-97E9-4915-97BB-D873A3A54405}.Debug|Any CPU.Build.0 = Debug|Any CPU
		{4828FC0D-97E9-4915-97BB-D873A3A54405}.Release|Any CPU.ActiveCfg = Release|Any CPU
		{4828FC0D-97E9-4915-97BB-D873A3A54405}.Release|Any CPU.Build.0 = Release|Any CPU
		{F20CA220-0EB6-4069-B906-9FC2F6551AE9}.Debug|Any CPU.ActiveCfg = Debug|Any CPU
		{F20CA220-0EB6-4069-B906-9FC2F6551AE9}.Debug|Any CPU.Build.0 = Debug|Any CPU
		{F20CA220-0EB6-4069-B906-9FC2F6551AE9}.Release|Any CPU.ActiveCfg = Release|Any CPU
		{F20CA220-0EB6-4069-B906-9FC2F6551AE9}.Release|Any CPU.Build.0 = Release|Any CPU
	EndGlobalSection
	GlobalSection(SolutionProperties) = preSolution
		HideSolutionNode = FALSE
	EndGlobalSection
	GlobalSection(ExtensibilityGlobals) = postSolution
		SolutionGuid = {EFEE8C72-CB4D-4055-908E-109B124D9BFB}
	EndGlobalSection
EndGlobal
