
Microsoft Visual Studio Solution File, Format Version 12.00
# Visual Studio 15
VisualStudioVersion = 15.0.28307.168
MinimumVisualStudioVersion = 10.0.40219.1
Project("{9A19103F-16F7-4668-BE54-9A1E7A4F7556}") = "nanoleaf-aurora-sdk", "nanoleaf-aurora-sdk\nanoleaf-aurora-sdk.csproj", "{D4B3C4C1-7E5E-49FB-9EAF-D8244421D3A4}"
EndProject
Project("{9A19103F-16F7-4668-BE54-9A1E7A4F7556}") = "nanoleaf-aurora-test", "nanoleaf-aurora-test\nanoleaf-aurora-test.csproj", "{B6376AF6-54D7-446C-8C57-577DEB1E8702}"
EndProject
Global
	GlobalSection(SolutionConfigurationPlatforms) = preSolution
		Debug|Any CPU = Debug|Any CPU
		Release|Any CPU = Release|Any CPU
	EndGlobalSection
	GlobalSection(ProjectConfigurationPlatforms) = postSolution
		{D4B3C4C1-7E5E-49FB-9EAF-D8244421D3A4}.Debug|Any CPU.ActiveCfg = Debug|Any CPU
		{D4B3C4C1-7E5E-49FB-9EAF-D8244421D3A4}.Debug|Any CPU.Build.0 = Debug|Any CPU
		{D4B3C4C1-7E5E-49FB-9EAF-D8244421D3A4}.Release|Any CPU.ActiveCfg = Release|Any CPU
		{D4B3C4C1-7E5E-49FB-9EAF-D8244421D3A4}.Release|Any CPU.Build.0 = Release|Any CPU
		{B6376AF6-54D7-446C-8C57-577DEB1E8702}.Debug|Any CPU.ActiveCfg = Debug|Any CPU
		{B6376AF6-54D7-446C-8C57-577DEB1E8702}.Debug|Any CPU.Build.0 = Debug|Any CPU
		{B6376AF6-54D7-446C-8C57-577DEB1E8702}.Release|Any CPU.ActiveCfg = Release|Any CPU
		{B6376AF6-54D7-446C-8C57-577DEB1E8702}.Release|Any CPU.Build.0 = Release|Any CPU
	EndGlobalSection
	GlobalSection(SolutionProperties) = preSolution
		HideSolutionNode = FALSE
	EndGlobalSection
	GlobalSection(ExtensibilityGlobals) = postSolution
		SolutionGuid = {EFEE8C72-CB4D-4055-908E-109B124D9BFB}
	EndGlobalSection
EndGlobal
